// !$*UTF8*$!
{
	archiveVersion = 1;
	classes = {
	};
	objectVersion = 45;
	objects = {

/* Begin PBXBuildFile section */
		1DDD58160DA1D0A300B32029 /* MainMenu.xib in Resources */ = {isa = PBXBuildFile; fileRef = 1DDD58140DA1D0A300B32029 /* MainMenu.xib */; };
		256AC3DA0F4B6AC300CF3369 /* AppDelegate.m in Sources */ = {isa = PBXBuildFile; fileRef = 256AC3D90F4B6AC300CF3369 /* AppDelegate.m */; };
		4FB9B5FF13FCF7C9008771C1 /* HKCacheManagerTestCase.m in Sources */ = {isa = PBXBuildFile; fileRef = 4FB9B5FE13FCF7C9008771C1 /* HKCacheManagerTestCase.m */; };
		4FB9B63013FCFABF008771C1 /* InfoPlist.strings in Resources */ = {isa = PBXBuildFile; fileRef = 4FB9B62E13FCFABF008771C1 /* InfoPlist.strings */; };
		4FB9B63213FCFAC9008771C1 /* InfoPlist.strings in Resources */ = {isa = PBXBuildFile; fileRef = 4FB9B62E13FCFABF008771C1 /* InfoPlist.strings */; };
		4FB9B67113FCFBFF008771C1 /* HKCacheManager.m in Sources */ = {isa = PBXBuildFile; fileRef = 4FB9B67013FCFBFF008771C1 /* HKCacheManager.m */; };
		4FB9B67613FCFC14008771C1 /* NSFileManager+HKApplicationSupport.m in Sources */ = {isa = PBXBuildFile; fileRef = 4FB9B67313FCFC14008771C1 /* NSFileManager+HKApplicationSupport.m */; };
		4FB9B67713FCFC14008771C1 /* NSString+HKGenerator.m in Sources */ = {isa = PBXBuildFile; fileRef = 4FB9B67513FCFC14008771C1 /* NSString+HKGenerator.m */; };
		4FB9B68613FCFC43008771C1 /* libsqlite3.0.dylib in Frameworks */ = {isa = PBXBuildFile; fileRef = 4FB9B68513FCFC43008771C1 /* libsqlite3.0.dylib */; };
		8D11072D0486CEB800E47090 /* main.m in Sources */ = {isa = PBXBuildFile; fileRef = 29B97316FDCFA39411CA2CEA /* main.m */; settings = {ATTRIBUTES = (); }; };
		8D11072F0486CEB800E47090 /* Cocoa.framework in Frameworks */ = {isa = PBXBuildFile; fileRef = 1058C7A1FEA54F0111CA2CBB /* Cocoa.framework */; };
/* End PBXBuildFile section */

/* Begin PBXContainerItemProxy section */
		4FB9B60613FCF823008771C1 /* PBXContainerItemProxy */ = {
			isa = PBXContainerItemProxy;
			containerPortal = 29B97313FDCFA39411CA2CEA /* Project object */;
			proxyType = 1;
			remoteGlobalIDString = 4FB9B5F213FCF6F2008771C1;
			remoteInfo = Test;
		};
/* End PBXContainerItemProxy section */

/* Begin PBXFileReference section */
		1058C7A1FEA54F0111CA2CBB /* Cocoa.framework */ = {isa = PBXFileReference; lastKnownFileType = wrapper.framework; name = Cocoa.framework; path = /System/Library/Frameworks/Cocoa.framework; sourceTree = "<absolute>"; };
		13E42FB307B3F0F600E4EEF1 /* CoreData.framework */ = {isa = PBXFileReference; lastKnownFileType = wrapper.framework; name = CoreData.framework; path = /System/Library/Frameworks/CoreData.framework; sourceTree = "<absolute>"; };
		1DDD58150DA1D0A300B32029 /* English */ = {isa = PBXFileReference; lastKnownFileType = file.xib; name = English; path = English.lproj/MainMenu.xib; sourceTree = "<group>"; };
		256AC3D80F4B6AC300CF3369 /* AppDelegate.h */ = {isa = PBXFileReference; fileEncoding = 4; lastKnownFileType = sourcecode.c.h; path = AppDelegate.h; sourceTree = "<group>"; };
		256AC3D90F4B6AC300CF3369 /* AppDelegate.m */ = {isa = PBXFileReference; fileEncoding = 4; lastKnownFileType = sourcecode.c.objc; path = AppDelegate.m; sourceTree = "<group>"; };
		256AC3F00F4B6AF500CF3369 /* HoboKit_Tests_Prefix.pch */ = {isa = PBXFileReference; fileEncoding = 4; lastKnownFileType = sourcecode.c.h; path = HoboKit_Tests_Prefix.pch; sourceTree = "<group>"; };
		29B97316FDCFA39411CA2CEA /* main.m */ = {isa = PBXFileReference; fileEncoding = 4; lastKnownFileType = sourcecode.c.objc; path = main.m; sourceTree = "<group>"; };
		29B97324FDCFA39411CA2CEA /* AppKit.framework */ = {isa = PBXFileReference; lastKnownFileType = wrapper.framework; name = AppKit.framework; path = /System/Library/Frameworks/AppKit.framework; sourceTree = "<absolute>"; };
		29B97325FDCFA39411CA2CEA /* Foundation.framework */ = {isa = PBXFileReference; lastKnownFileType = wrapper.framework; name = Foundation.framework; path = /System/Library/Frameworks/Foundation.framework; sourceTree = "<absolute>"; };
		4FB9B5F313FCF6F2008771C1 /* Test.octest */ = {isa = PBXFileReference; explicitFileType = wrapper.cfbundle; includeInIndex = 0; path = Test.octest; sourceTree = BUILT_PRODUCTS_DIR; };
		4FB9B5FD13FCF7C9008771C1 /* HKCacheManagerTestCase.h */ = {isa = PBXFileReference; fileEncoding = 4; lastKnownFileType = sourcecode.c.h; path = HKCacheManagerTestCase.h; sourceTree = "<group>"; };
		4FB9B5FE13FCF7C9008771C1 /* HKCacheManagerTestCase.m */ = {isa = PBXFileReference; fileEncoding = 4; lastKnownFileType = sourcecode.c.objc; path = HKCacheManagerTestCase.m; sourceTree = "<group>"; };
		4FB9B62513FCFA72008771C1 /* HoboKit_Tests-Info.plist */ = {isa = PBXFileReference; fileEncoding = 4; lastKnownFileType = text.plist.xml; name = "HoboKit_Tests-Info.plist"; path = "Resources/HoboKit_Tests-Info.plist"; sourceTree = "<group>"; };
		4FB9B62613FCFA72008771C1 /* Test-Info.plist */ = {isa = PBXFileReference; fileEncoding = 4; lastKnownFileType = text.plist.xml; name = "Test-Info.plist"; path = "Resources/Test-Info.plist"; sourceTree = "<group>"; };
		4FB9B62F13FCFABF008771C1 /* English */ = {isa = PBXFileReference; fileEncoding = 4; lastKnownFileType = text.plist.strings; name = English; path = Resources/English.lproj/InfoPlist.strings; sourceTree = "<group>"; };
		4FB9B66F13FCFBFF008771C1 /* HKCacheManager.h */ = {isa = PBXFileReference; fileEncoding = 4; lastKnownFileType = sourcecode.c.h; name = HKCacheManager.h; path = ../Common/Classes/HKCacheManager.h; sourceTree = SOURCE_ROOT; };
		4FB9B67013FCFBFF008771C1 /* HKCacheManager.m */ = {isa = PBXFileReference; fileEncoding = 4; lastKnownFileType = sourcecode.c.objc; name = HKCacheManager.m; path = ../Common/Classes/HKCacheManager.m; sourceTree = SOURCE_ROOT; };
		4FB9B67213FCFC14008771C1 /* NSFileManager+HKApplicationSupport.h */ = {isa = PBXFileReference; fileEncoding = 4; lastKnownFileType = sourcecode.c.h; name = "NSFileManager+HKApplicationSupport.h"; path = "../Common/Categories/NSFileManager+HKApplicationSupport.h"; sourceTree = SOURCE_ROOT; };
		4FB9B67313FCFC14008771C1 /* NSFileManager+HKApplicationSupport.m */ = {isa = PBXFileReference; fileEncoding = 4; lastKnownFileType = sourcecode.c.objc; name = "NSFileManager+HKApplicationSupport.m"; path = "../Common/Categories/NSFileManager+HKApplicationSupport.m"; sourceTree = SOURCE_ROOT; };
		4FB9B67413FCFC14008771C1 /* NSString+HKGenerator.h */ = {isa = PBXFileReference; fileEncoding = 4; lastKnownFileType = sourcecode.c.h; name = "NSString+HKGenerator.h"; path = "../Common/Categories/NSString+HKGenerator.h"; sourceTree = SOURCE_ROOT; };
		4FB9B67513FCFC14008771C1 /* NSString+HKGenerator.m */ = {isa = PBXFileReference; fileEncoding = 4; lastKnownFileType = sourcecode.c.objc; name = "NSString+HKGenerator.m"; path = "../Common/Categories/NSString+HKGenerator.m"; sourceTree = SOURCE_ROOT; };
		4FB9B68513FCFC43008771C1 /* libsqlite3.0.dylib */ = {isa = PBXFileReference; lastKnownFileType = "compiled.mach-o.dylib"; name = libsqlite3.0.dylib; path = usr/lib/libsqlite3.0.dylib; sourceTree = SDKROOT; };
		8D1107320486CEB800E47090 /* HoboKit Tests.app */ = {isa = PBXFileReference; explicitFileType = wrapper.application; includeInIndex = 0; path = "HoboKit Tests.app"; sourceTree = BUILT_PRODUCTS_DIR; };
/* End PBXFileReference section */

/* Begin PBXFrameworksBuildPhase section */
		4FB9B5F013FCF6F2008771C1 /* Frameworks */ = {
			isa = PBXFrameworksBuildPhase;
			buildActionMask = 2147483647;
			files = (
				4FB9B68613FCFC43008771C1 /* libsqlite3.0.dylib in Frameworks */,
			);
			runOnlyForDeploymentPostprocessing = 0;
		};
		8D11072E0486CEB800E47090 /* Frameworks */ = {
			isa = PBXFrameworksBuildPhase;
			buildActionMask = 2147483647;
			files = (
				8D11072F0486CEB800E47090 /* Cocoa.framework in Frameworks */,
			);
			runOnlyForDeploymentPostprocessing = 0;
		};
/* End PBXFrameworksBuildPhase section */

/* Begin PBXGroup section */
		080E96DDFE201D6D7F000001 /* Classes */ = {
			isa = PBXGroup;
			children = (
				256AC3D80F4B6AC300CF3369 /* AppDelegate.h */,
				256AC3D90F4B6AC300CF3369 /* AppDelegate.m */,
			);
			path = Classes;
			sourceTree = "<group>";
		};
		1058C7A0FEA54F0111CA2CBB /* Linked Frameworks */ = {
			isa = PBXGroup;
			children = (
				1058C7A1FEA54F0111CA2CBB /* Cocoa.framework */,
			);
			name = "Linked Frameworks";
			sourceTree = "<group>";
		};
		1058C7A2FEA54F0111CA2CBB /* Other Frameworks */ = {
			isa = PBXGroup;
			children = (
				29B97324FDCFA39411CA2CEA /* AppKit.framework */,
				13E42FB307B3F0F600E4EEF1 /* CoreData.framework */,
				29B97325FDCFA39411CA2CEA /* Foundation.framework */,
			);
			name = "Other Frameworks";
			sourceTree = "<group>";
		};
		19C28FACFE9D520D11CA2CBB /* Products */ = {
			isa = PBXGroup;
			children = (
				8D1107320486CEB800E47090 /* HoboKit Tests.app */,
				4FB9B5F313FCF6F2008771C1 /* Test.octest */,
			);
			name = Products;
			sourceTree = "<group>";
		};
		29B97314FDCFA39411CA2CEA /* HoboKit Tests */ = {
			isa = PBXGroup;
			children = (
				4FB9B61C13FCFA28008771C1 /* HoboKit */,
				4FB9B60013FCF7CC008771C1 /* Tests */,
				080E96DDFE201D6D7F000001 /* Classes */,
				29B97315FDCFA39411CA2CEA /* Other Sources */,
				29B97317FDCFA39411CA2CEA /* Resources */,
				29B97323FDCFA39411CA2CEA /* Frameworks */,
				19C28FACFE9D520D11CA2CBB /* Products */,
			);
			name = "HoboKit Tests";
			sourceTree = "<group>";
		};
		29B97315FDCFA39411CA2CEA /* Other Sources */ = {
			isa = PBXGroup;
			children = (
				256AC3F00F4B6AF500CF3369 /* HoboKit_Tests_Prefix.pch */,
				29B97316FDCFA39411CA2CEA /* main.m */,
			);
			path = "Other Sources";
			sourceTree = "<group>";
		};
		29B97317FDCFA39411CA2CEA /* Resources */ = {
			isa = PBXGroup;
			children = (
				4FB9B62513FCFA72008771C1 /* HoboKit_Tests-Info.plist */,
				4FB9B62613FCFA72008771C1 /* Test-Info.plist */,
				4FB9B62E13FCFABF008771C1 /* InfoPlist.strings */,
				1DDD58140DA1D0A300B32029 /* MainMenu.xib */,
			);
			name = Resources;
			sourceTree = "<group>";
		};
		29B97323FDCFA39411CA2CEA /* Frameworks */ = {
			isa = PBXGroup;
			children = (
				1058C7A0FEA54F0111CA2CBB /* Linked Frameworks */,
				1058C7A2FEA54F0111CA2CBB /* Other Frameworks */,
				4FB9B68513FCFC43008771C1 /* libsqlite3.0.dylib */,
			);
			name = Frameworks;
			sourceTree = "<group>";
		};
		4FB9B60013FCF7CC008771C1 /* Tests */ = {
			isa = PBXGroup;
			children = (
				4FB9B5FD13FCF7C9008771C1 /* HKCacheManagerTestCase.h */,
				4FB9B5FE13FCF7C9008771C1 /* HKCacheManagerTestCase.m */,
			);
			path = Tests;
			sourceTree = "<group>";
		};
		4FB9B61C13FCFA28008771C1 /* HoboKit */ = {
			isa = PBXGroup;
			children = (
				4FB9B66813FCFBE4008771C1 /* Common */,
			);
			name = HoboKit;
			sourceTree = "<group>";
		};
		4FB9B66813FCFBE4008771C1 /* Common */ = {
			isa = PBXGroup;
			children = (
				4FB9B66A13FCFBEB008771C1 /* Categories */,
				4FB9B66913FCFBE8008771C1 /* Classes */,
			);
			name = Common;
			sourceTree = "<group>";
		};
		4FB9B66913FCFBE8008771C1 /* Classes */ = {
			isa = PBXGroup;
			children = (
				4FB9B66F13FCFBFF008771C1 /* HKCacheManager.h */,
				4FB9B67013FCFBFF008771C1 /* HKCacheManager.m */,
			);
			name = Classes;
			sourceTree = "<group>";
		};
		4FB9B66A13FCFBEB008771C1 /* Categories */ = {
			isa = PBXGroup;
			children = (
				4FB9B67213FCFC14008771C1 /* NSFileManager+HKApplicationSupport.h */,
				4FB9B67313FCFC14008771C1 /* NSFileManager+HKApplicationSupport.m */,
				4FB9B67413FCFC14008771C1 /* NSString+HKGenerator.h */,
				4FB9B67513FCFC14008771C1 /* NSString+HKGenerator.m */,
			);
			name = Categories;
			sourceTree = "<group>";
		};
/* End PBXGroup section */

/* Begin PBXNativeTarget section */
		4FB9B5F213FCF6F2008771C1 /* Test */ = {
			isa = PBXNativeTarget;
			buildConfigurationList = 4FB9B5F713FCF6F3008771C1 /* Build configuration list for PBXNativeTarget "Test" */;
			buildPhases = (
				4FB9B5EE13FCF6F2008771C1 /* Resources */,
				4FB9B5EF13FCF6F2008771C1 /* Sources */,
				4FB9B5F013FCF6F2008771C1 /* Frameworks */,
				4FB9B5F113FCF6F2008771C1 /* ShellScript */,
			);
			buildRules = (
			);
			dependencies = (
			);
			name = Test;
			productName = Test;
			productReference = 4FB9B5F313FCF6F2008771C1 /* Test.octest */;
			productType = "com.apple.product-type.bundle";
		};
		8D1107260486CEB800E47090 /* HoboKit Tests */ = {
			isa = PBXNativeTarget;
			buildConfigurationList = C01FCF4A08A954540054247B /* Build configuration list for PBXNativeTarget "HoboKit Tests" */;
			buildPhases = (
				8D1107290486CEB800E47090 /* Resources */,
				8D11072C0486CEB800E47090 /* Sources */,
				8D11072E0486CEB800E47090 /* Frameworks */,
			);
			buildRules = (
			);
			dependencies = (
				4FB9B60713FCF823008771C1 /* PBXTargetDependency */,
			);
			name = "HoboKit Tests";
			productInstallPath = "$(HOME)/Applications";
			productName = "HoboKit Tests";
			productReference = 8D1107320486CEB800E47090 /* HoboKit Tests.app */;
			productType = "com.apple.product-type.application";
		};
/* End PBXNativeTarget section */

/* Begin PBXProject section */
		29B97313FDCFA39411CA2CEA /* Project object */ = {
			isa = PBXProject;
			buildConfigurationList = C01FCF4E08A954540054247B /* Build configuration list for PBXProject "HoboKit Tests" */;
			compatibilityVersion = "Xcode 3.1";
			developmentRegion = English;
			hasScannedForEncodings = 1;
			knownRegions = (
				English,
				Japanese,
				French,
				German,
			);
			mainGroup = 29B97314FDCFA39411CA2CEA /* HoboKit Tests */;
			projectDirPath = "";
			projectRoot = "";
			targets = (
				8D1107260486CEB800E47090 /* HoboKit Tests */,
				4FB9B5F213FCF6F2008771C1 /* Test */,
			);
		};
/* End PBXProject section */

/* Begin PBXResourcesBuildPhase section */
		4FB9B5EE13FCF6F2008771C1 /* Resources */ = {
			isa = PBXResourcesBuildPhase;
			buildActionMask = 2147483647;
			files = (
				4FB9B63013FCFABF008771C1 /* InfoPlist.strings in Resources */,
			);
			runOnlyForDeploymentPostprocessing = 0;
		};
		8D1107290486CEB800E47090 /* Resources */ = {
			isa = PBXResourcesBuildPhase;
			buildActionMask = 2147483647;
			files = (
				1DDD58160DA1D0A300B32029 /* MainMenu.xib in Resources */,
				4FB9B63213FCFAC9008771C1 /* InfoPlist.strings in Resources */,
			);
			runOnlyForDeploymentPostprocessing = 0;
		};
/* End PBXResourcesBuildPhase section */

/* Begin PBXShellScriptBuildPhase section */
		4FB9B5F113FCF6F2008771C1 /* ShellScript */ = {
			isa = PBXShellScriptBuildPhase;
			buildActionMask = 2147483647;
			files = (
			);
			inputPaths = (
			);
			outputPaths = (
			);
			runOnlyForDeploymentPostprocessing = 0;
			shellPath = /bin/sh;
			shellScript = "# Run the unit tests in this test bundle.\n\"${SYSTEM_DEVELOPER_DIR}/Tools/RunUnitTests\"\n";
		};
/* End PBXShellScriptBuildPhase section */

/* Begin PBXSourcesBuildPhase section */
		4FB9B5EF13FCF6F2008771C1 /* Sources */ = {
			isa = PBXSourcesBuildPhase;
			buildActionMask = 2147483647;
			files = (
				4FB9B5FF13FCF7C9008771C1 /* HKCacheManagerTestCase.m in Sources */,
				4FB9B67113FCFBFF008771C1 /* HKCacheManager.m in Sources */,
				4FB9B67613FCFC14008771C1 /* NSFileManager+HKApplicationSupport.m in Sources */,
				4FB9B67713FCFC14008771C1 /* NSString+HKGenerator.m in Sources */,
			);
			runOnlyForDeploymentPostprocessing = 0;
		};
		8D11072C0486CEB800E47090 /* Sources */ = {
			isa = PBXSourcesBuildPhase;
			buildActionMask = 2147483647;
			files = (
				8D11072D0486CEB800E47090 /* main.m in Sources */,
				256AC3DA0F4B6AC300CF3369 /* AppDelegate.m in Sources */,
			);
			runOnlyForDeploymentPostprocessing = 0;
		};
/* End PBXSourcesBuildPhase section */

/* Begin PBXTargetDependency section */
		4FB9B60713FCF823008771C1 /* PBXTargetDependency */ = {
			isa = PBXTargetDependency;
			target = 4FB9B5F213FCF6F2008771C1 /* Test */;
			targetProxy = 4FB9B60613FCF823008771C1 /* PBXContainerItemProxy */;
		};
/* End PBXTargetDependency section */

/* Begin PBXVariantGroup section */
		1DDD58140DA1D0A300B32029 /* MainMenu.xib */ = {
			isa = PBXVariantGroup;
			children = (
				1DDD58150DA1D0A300B32029 /* English */,
			);
			name = MainMenu.xib;
			path = Resources;
			sourceTree = "<group>";
		};
		4FB9B62E13FCFABF008771C1 /* InfoPlist.strings */ = {
			isa = PBXVariantGroup;
			children = (
				4FB9B62F13FCFABF008771C1 /* English */,
			);
			name = InfoPlist.strings;
			sourceTree = "<group>";
		};
/* End PBXVariantGroup section */

/* Begin XCBuildConfiguration section */
		4FB9B5F513FCF6F3008771C1 /* Debug */ = {
			isa = XCBuildConfiguration;
			buildSettings = {
				ALWAYS_SEARCH_USER_PATHS = NO;
				COPY_PHASE_STRIP = NO;
				FRAMEWORK_SEARCH_PATHS = "$(DEVELOPER_LIBRARY_DIR)/Frameworks";
				GCC_DYNAMIC_NO_PIC = NO;
				GCC_ENABLE_FIX_AND_CONTINUE = NO;
				GCC_ENABLE_OBJC_EXCEPTIONS = YES;
				GCC_MODEL_TUNING = G5;
				GCC_OPTIMIZATION_LEVEL = 0;
				GCC_PRECOMPILE_PREFIX_HEADER = YES;
				GCC_PREFIX_HEADER = "$(SYSTEM_LIBRARY_DIR)/Frameworks/Cocoa.framework/Headers/Cocoa.h";
				INFOPLIST_FILE = "Resources/Test-Info.plist";
				INSTALL_PATH = "$(USER_LIBRARY_DIR)/Bundles";
				OTHER_LDFLAGS = (
					"-framework",
					Cocoa,
					"-framework",
					SenTestingKit,
				);
				PREBINDING = NO;
				PRODUCT_NAME = Test;
				WRAPPER_EXTENSION = octest;
			};
			name = Debug;
		};
		4FB9B5F613FCF6F3008771C1 /* Release */ = {
			isa = XCBuildConfiguration;
			buildSettings = {
				ALWAYS_SEARCH_USER_PATHS = NO;
				COPY_PHASE_STRIP = YES;
				DEBUG_INFORMATION_FORMAT = "dwarf-with-dsym";
				FRAMEWORK_SEARCH_PATHS = "$(DEVELOPER_LIBRARY_DIR)/Frameworks";
				GCC_ENABLE_FIX_AND_CONTINUE = NO;
				GCC_ENABLE_OBJC_EXCEPTIONS = YES;
				GCC_MODEL_TUNING = G5;
				GCC_PRECOMPILE_PREFIX_HEADER = YES;
				GCC_PREFIX_HEADER = "$(SYSTEM_LIBRARY_DIR)/Frameworks/Cocoa.framework/Headers/Cocoa.h";
				INFOPLIST_FILE = "Resources/Test-Info.plist";
				INSTALL_PATH = "$(USER_LIBRARY_DIR)/Bundles";
				OTHER_LDFLAGS = (
					"-framework",
					Foundation,
					"-framework",
					SenTestingKit,
				);
				PREBINDING = NO;
				PRODUCT_NAME = Test;
				WRAPPER_EXTENSION = octest;
				ZERO_LINK = NO;
			};
			name = Release;
		};
		C01FCF4B08A954540054247B /* Debug */ = {
			isa = XCBuildConfiguration;
			buildSettings = {
				ALWAYS_SEARCH_USER_PATHS = NO;
				COPY_PHASE_STRIP = NO;
				GCC_DYNAMIC_NO_PIC = NO;
				GCC_ENABLE_FIX_AND_CONTINUE = YES;
				GCC_MODEL_TUNING = G5;
				GCC_OPTIMIZATION_LEVEL = 0;
				GCC_PRECOMPILE_PREFIX_HEADER = YES;
				GCC_PREFIX_HEADER = "Other Sources/HoboKit_Tests_Prefix.pch";
				INFOPLIST_FILE = "Resources/HoboKit_Tests-Info.plist";
				INSTALL_PATH = "$(HOME)/Applications";
				PRODUCT_NAME = "HoboKit Tests";
			};
			name = Debug;
		};
		C01FCF4C08A954540054247B /* Release */ = {
			isa = XCBuildConfiguration;
			buildSettings = {
				ALWAYS_SEARCH_USER_PATHS = NO;
				DEBUG_INFORMATION_FORMAT = "dwarf-with-dsym";
				GCC_MODEL_TUNING = G5;
				GCC_PRECOMPILE_PREFIX_HEADER = YES;
				GCC_PREFIX_HEADER = "Other Sources/HoboKit_Tests_Prefix.pch";
				INFOPLIST_FILE = "Resources/HoboKit_Tests-Info.plist";
				INSTALL_PATH = "$(HOME)/Applications";
				PRODUCT_NAME = "HoboKit Tests";
			};
			name = Release;
		};
		C01FCF4F08A954540054247B /* Debug */ = {
			isa = XCBuildConfiguration;
			buildSettings = {
				ARCHS = "$(ARCHS_STANDARD_32_64_BIT)";
				GCC_C_LANGUAGE_STANDARD = gnu99;
				GCC_OPTIMIZATION_LEVEL = 0;
				GCC_WARN_ABOUT_RETURN_TYPE = YES;
				GCC_WARN_UNUSED_VARIABLE = YES;
				ONLY_ACTIVE_ARCH = YES;
				PREBINDING = NO;
				SDKROOT = macosx10.6;
			};
			name = Debug;
		};
		C01FCF5008A954540054247B /* Release */ = {
			isa = XCBuildConfiguration;
			buildSettings = {
				ARCHS = "$(ARCHS_STANDARD_32_64_BIT)";
				GCC_C_LANGUAGE_STANDARD = gnu99;
				GCC_WARN_ABOUT_RETURN_TYPE = YES;
				GCC_WARN_UNUSED_VARIABLE = YES;
				PREBINDING = NO;
				SDKROOT = macosx10.6;
			};
			name = Release;
		};
/* End XCBuildConfiguration section */

/* Begin XCConfigurationList section */
		4FB9B5F713FCF6F3008771C1 /* Build configuration list for PBXNativeTarget "Test" */ = {
			isa = XCConfigurationList;
			buildConfigurations = (
				4FB9B5F513FCF6F3008771C1 /* Debug */,
				4FB9B5F613FCF6F3008771C1 /* Release */,
			);
			defaultConfigurationIsVisible = 0;
			defaultConfigurationName = Release;
		};
		C01FCF4A08A954540054247B /* Build configuration list for PBXNativeTarget "HoboKit Tests" */ = {
			isa = XCConfigurationList;
			buildConfigurations = (
				C01FCF4B08A954540054247B /* Debug */,
				C01FCF4C08A954540054247B /* Release */,
			);
			defaultConfigurationIsVisible = 0;
			defaultConfigurationName = Release;
		};
		C01FCF4E08A954540054247B /* Build configuration list for PBXProject "HoboKit Tests" */ = {
			isa = XCConfigurationList;
			buildConfigurations = (
				C01FCF4F08A954540054247B /* Debug */,
				C01FCF5008A954540054247B /* Release */,
			);
			defaultConfigurationIsVisible = 0;
			defaultConfigurationName = Release;
		};
/* End XCConfigurationList section */
	};
	rootObject = 29B97313FDCFA39411CA2CEA /* Project object */;
}
